// !$*UTF8*$!
{
	archiveVersion = 1;
	classes = {
	};
	objectVersion = 46;
	objects = {

/* Begin PBXBuildFile section */
		78BC568D196D7613009C6FF1 /* main.m in Sources */ = {isa = PBXBuildFile; fileRef = 78BC568C196D7613009C6FF1 /* main.m */; };
		78BC5690196D7613009C6FF1 /* AppDelegate.m in Sources */ = {isa = PBXBuildFile; fileRef = 78BC568F196D7613009C6FF1 /* AppDelegate.m */; };
		78BC5693196D7613009C6FF1 /* WeatherApplication.xcdatamodeld in Sources */ = {isa = PBXBuildFile; fileRef = 78BC5691196D7613009C6FF1 /* WeatherApplication.xcdatamodeld */; };
		78BC5696196D7613009C6FF1 /* ViewController.m in Sources */ = {isa = PBXBuildFile; fileRef = 78BC5695196D7613009C6FF1 /* ViewController.m */; };
		78BC5699196D7613009C6FF1 /* Main.storyboard in Resources */ = {isa = PBXBuildFile; fileRef = 78BC5697196D7613009C6FF1 /* Main.storyboard */; };
		78BC569B196D7613009C6FF1 /* Images.xcassets in Resources */ = {isa = PBXBuildFile; fileRef = 78BC569A196D7613009C6FF1 /* Images.xcassets */; };
		78BC56A7196D7613009C6FF1 /* WeatherApplicationTests.m in Sources */ = {isa = PBXBuildFile; fileRef = 78BC56A6196D7613009C6FF1 /* WeatherApplicationTests.m */; };
		78BC56B7196D762D009C6FF1 /* NotificationCenter.framework in Frameworks */ = {isa = PBXBuildFile; fileRef = 78BC56B6196D762D009C6FF1 /* NotificationCenter.framework */; };
		78BC56BD196D762E009C6FF1 /* TodayViewController.m in Sources */ = {isa = PBXBuildFile; fileRef = 78BC56BC196D762E009C6FF1 /* TodayViewController.m */; };
		78BC56BF196D762E009C6FF1 /* MainInterface.storyboard in Resources */ = {isa = PBXBuildFile; fileRef = 78BC56BE196D762E009C6FF1 /* MainInterface.storyboard */; };
		78BC56C2196D762E009C6FF1 /* SB.WeatherApplication.Weather.appex in Embed App Extensions */ = {isa = PBXBuildFile; fileRef = 78BC56B4196D762D009C6FF1 /* SB.WeatherApplication.Weather.appex */; };
		78BC56CE196D7638009C6FF1 /* NotificationCenter.framework in Frameworks */ = {isa = PBXBuildFile; fileRef = 78BC56B6196D762D009C6FF1 /* NotificationCenter.framework */; };
		78BC56D4196D7638009C6FF1 /* TodayViewController.m in Sources */ = {isa = PBXBuildFile; fileRef = 78BC56D3196D7638009C6FF1 /* TodayViewController.m */; };
		78BC56D6196D7638009C6FF1 /* MainInterface.storyboard in Resources */ = {isa = PBXBuildFile; fileRef = 78BC56D5196D7638009C6FF1 /* MainInterface.storyboard */; };
		78BC56D9196D7638009C6FF1 /* SB.WeatherApplication.Time.appex in Embed App Extensions */ = {isa = PBXBuildFile; fileRef = 78BC56CD196D7638009C6FF1 /* SB.WeatherApplication.Time.appex */; };
/* End PBXBuildFile section */

/* Begin PBXContainerItemProxy section */
		78BC56A1196D7613009C6FF1 /* PBXContainerItemProxy */ = {
			isa = PBXContainerItemProxy;
			containerPortal = 78BC567F196D7613009C6FF1 /* Project object */;
			proxyType = 1;
			remoteGlobalIDString = 78BC5686196D7613009C6FF1;
			remoteInfo = WeatherApplication;
		};
		78BC56C0196D762E009C6FF1 /* PBXContainerItemProxy */ = {
			isa = PBXContainerItemProxy;
			containerPortal = 78BC567F196D7613009C6FF1 /* Project object */;
			proxyType = 1;
			remoteGlobalIDString = 78BC56B3196D762D009C6FF1;
			remoteInfo = Weather;
		};
		78BC56C3196D762E009C6FF1 /* PBXContainerItemProxy */ = {
			isa = PBXContainerItemProxy;
			containerPortal = 78BC567F196D7613009C6FF1 /* Project object */;
			proxyType = 1;
			remoteGlobalIDString = 78BC56B3196D762D009C6FF1;
			remoteInfo = Weather;
		};
		78BC56D7196D7638009C6FF1 /* PBXContainerItemProxy */ = {
			isa = PBXContainerItemProxy;
			containerPortal = 78BC567F196D7613009C6FF1 /* Project object */;
			proxyType = 1;
			remoteGlobalIDString = 78BC56CC196D7638009C6FF1;
			remoteInfo = Time;
		};
		78BC56DA196D7638009C6FF1 /* PBXContainerItemProxy */ = {
			isa = PBXContainerItemProxy;
			containerPortal = 78BC567F196D7613009C6FF1 /* Project object */;
			proxyType = 1;
			remoteGlobalIDString = 78BC56CC196D7638009C6FF1;
			remoteInfo = Time;
		};
/* End PBXContainerItemProxy section */

/* Begin PBXCopyFilesBuildPhase section */
		78BC56C8196D762E009C6FF1 /* Embed App Extensions */ = {
			isa = PBXCopyFilesBuildPhase;
			buildActionMask = 2147483647;
			dstPath = "";
			dstSubfolderSpec = 13;
			files = (
				78BC56D9196D7638009C6FF1 /* SB.WeatherApplication.Time.appex in Embed App Extensions */,
				78BC56C2196D762E009C6FF1 /* SB.WeatherApplication.Weather.appex in Embed App Extensions */,
			);
			name = "Embed App Extensions";
			runOnlyForDeploymentPostprocessing = 0;
		};
/* End PBXCopyFilesBuildPhase section */

/* Begin PBXFileReference section */
		78BC5687196D7613009C6FF1 /* WeatherApplication.app */ = {isa = PBXFileReference; explicitFileType = wrapper.application; includeInIndex = 0; path = WeatherApplication.app; sourceTree = BUILT_PRODUCTS_DIR; };
		78BC568B196D7613009C6FF1 /* Info.plist */ = {isa = PBXFileReference; lastKnownFileType = text.plist.xml; path = Info.plist; sourceTree = "<group>"; };
		78BC568C196D7613009C6FF1 /* main.m */ = {isa = PBXFileReference; lastKnownFileType = sourcecode.c.objc; path = main.m; sourceTree = "<group>"; };
		78BC568E196D7613009C6FF1 /* AppDelegate.h */ = {isa = PBXFileReference; lastKnownFileType = sourcecode.c.h; path = AppDelegate.h; sourceTree = "<group>"; };
		78BC568F196D7613009C6FF1 /* AppDelegate.m */ = {isa = PBXFileReference; lastKnownFileType = sourcecode.c.objc; path = AppDelegate.m; sourceTree = "<group>"; };
		78BC5692196D7613009C6FF1 /* WeatherApplication.xcdatamodel */ = {isa = PBXFileReference; lastKnownFileType = wrapper.xcdatamodel; path = WeatherApplication.xcdatamodel; sourceTree = "<group>"; };
		78BC5694196D7613009C6FF1 /* ViewController.h */ = {isa = PBXFileReference; lastKnownFileType = sourcecode.c.h; path = ViewController.h; sourceTree = "<group>"; };
		78BC5695196D7613009C6FF1 /* ViewController.m */ = {isa = PBXFileReference; lastKnownFileType = sourcecode.c.objc; path = ViewController.m; sourceTree = "<group>"; };
		78BC5698196D7613009C6FF1 /* Base */ = {isa = PBXFileReference; lastKnownFileType = file.storyboard; name = Base; path = Base.lproj/Main.storyboard; sourceTree = "<group>"; };
		78BC569A196D7613009C6FF1 /* Images.xcassets */ = {isa = PBXFileReference; lastKnownFileType = folder.assetcatalog; path = Images.xcassets; sourceTree = "<group>"; };
		78BC56A0196D7613009C6FF1 /* WeatherApplicationTests.xctest */ = {isa = PBXFileReference; explicitFileType = wrapper.cfbundle; includeInIndex = 0; path = WeatherApplicationTests.xctest; sourceTree = BUILT_PRODUCTS_DIR; };
		78BC56A5196D7613009C6FF1 /* Info.plist */ = {isa = PBXFileReference; lastKnownFileType = text.plist.xml; path = Info.plist; sourceTree = "<group>"; };
		78BC56A6196D7613009C6FF1 /* WeatherApplicationTests.m */ = {isa = PBXFileReference; lastKnownFileType = sourcecode.c.objc; path = WeatherApplicationTests.m; sourceTree = "<group>"; };
		78BC56B4196D762D009C6FF1 /* SB.WeatherApplication.Weather.appex */ = {isa = PBXFileReference; explicitFileType = "wrapper.app-extension"; includeInIndex = 0; path = SB.WeatherApplication.Weather.appex; sourceTree = BUILT_PRODUCTS_DIR; };
		78BC56B6196D762D009C6FF1 /* NotificationCenter.framework */ = {isa = PBXFileReference; lastKnownFileType = wrapper.framework; name = NotificationCenter.framework; path = System/Library/Frameworks/NotificationCenter.framework; sourceTree = SDKROOT; };
		78BC56BA196D762E009C6FF1 /* Info.plist */ = {isa = PBXFileReference; lastKnownFileType = text.plist.xml; path = Info.plist; sourceTree = "<group>"; };
		78BC56BB196D762E009C6FF1 /* TodayViewController.h */ = {isa = PBXFileReference; lastKnownFileType = sourcecode.c.h; path = TodayViewController.h; sourceTree = "<group>"; };
		78BC56BC196D762E009C6FF1 /* TodayViewController.m */ = {isa = PBXFileReference; lastKnownFileType = sourcecode.c.objc; path = TodayViewController.m; sourceTree = "<group>"; };
		78BC56BE196D762E009C6FF1 /* MainInterface.storyboard */ = {isa = PBXFileReference; lastKnownFileType = file.storyboard; path = MainInterface.storyboard; sourceTree = "<group>"; };
		78BC56CD196D7638009C6FF1 /* SB.WeatherApplication.Time.appex */ = {isa = PBXFileReference; explicitFileType = "wrapper.app-extension"; includeInIndex = 0; path = SB.WeatherApplication.Time.appex; sourceTree = BUILT_PRODUCTS_DIR; };
		78BC56D1196D7638009C6FF1 /* Info.plist */ = {isa = PBXFileReference; lastKnownFileType = text.plist.xml; path = Info.plist; sourceTree = "<group>"; };
		78BC56D2196D7638009C6FF1 /* TodayViewController.h */ = {isa = PBXFileReference; lastKnownFileType = sourcecode.c.h; path = TodayViewController.h; sourceTree = "<group>"; };
		78BC56D3196D7638009C6FF1 /* TodayViewController.m */ = {isa = PBXFileReference; lastKnownFileType = sourcecode.c.objc; path = TodayViewController.m; sourceTree = "<group>"; };
		78BC56D5196D7638009C6FF1 /* MainInterface.storyboard */ = {isa = PBXFileReference; lastKnownFileType = file.storyboard; path = MainInterface.storyboard; sourceTree = "<group>"; };
/* End PBXFileReference section */

/* Begin PBXFrameworksBuildPhase section */
		78BC5684196D7613009C6FF1 /* Frameworks */ = {
			isa = PBXFrameworksBuildPhase;
			buildActionMask = 2147483647;
			files = (
			);
			runOnlyForDeploymentPostprocessing = 0;
		};
		78BC569D196D7613009C6FF1 /* Frameworks */ = {
			isa = PBXFrameworksBuildPhase;
			buildActionMask = 2147483647;
			files = (
			);
			runOnlyForDeploymentPostprocessing = 0;
		};
		78BC56B1196D762D009C6FF1 /* Frameworks */ = {
			isa = PBXFrameworksBuildPhase;
			buildActionMask = 2147483647;
			files = (
				78BC56B7196D762D009C6FF1 /* NotificationCenter.framework in Frameworks */,
			);
			runOnlyForDeploymentPostprocessing = 0;
		};
		78BC56CA196D7638009C6FF1 /* Frameworks */ = {
			isa = PBXFrameworksBuildPhase;
			buildActionMask = 2147483647;
			files = (
				78BC56CE196D7638009C6FF1 /* NotificationCenter.framework in Frameworks */,
			);
			runOnlyForDeploymentPostprocessing = 0;
		};
/* End PBXFrameworksBuildPhase section */

/* Begin PBXGroup section */
		78BC567E196D7613009C6FF1 = {
			isa = PBXGroup;
			children = (
				78BC5689196D7613009C6FF1 /* WeatherApplication */,
				78BC56A3196D7613009C6FF1 /* WeatherApplicationTests */,
				78BC56B8196D762E009C6FF1 /* Weather */,
				78BC56CF196D7638009C6FF1 /* Time */,
				78BC56B5196D762D009C6FF1 /* Frameworks */,
				78BC5688196D7613009C6FF1 /* Products */,
			);
			sourceTree = "<group>";
		};
		78BC5688196D7613009C6FF1 /* Products */ = {
			isa = PBXGroup;
			children = (
				78BC5687196D7613009C6FF1 /* WeatherApplication.app */,
				78BC56A0196D7613009C6FF1 /* WeatherApplicationTests.xctest */,
				78BC56B4196D762D009C6FF1 /* SB.WeatherApplication.Weather.appex */,
				78BC56CD196D7638009C6FF1 /* SB.WeatherApplication.Time.appex */,
			);
			name = Products;
			sourceTree = "<group>";
		};
		78BC5689196D7613009C6FF1 /* WeatherApplication */ = {
			isa = PBXGroup;
			children = (
				78BC568E196D7613009C6FF1 /* AppDelegate.h */,
				78BC568F196D7613009C6FF1 /* AppDelegate.m */,
				78BC5694196D7613009C6FF1 /* ViewController.h */,
				78BC5695196D7613009C6FF1 /* ViewController.m */,
				78BC5697196D7613009C6FF1 /* Main.storyboard */,
				78BC569A196D7613009C6FF1 /* Images.xcassets */,
				78BC5691196D7613009C6FF1 /* WeatherApplication.xcdatamodeld */,
				78BC568A196D7613009C6FF1 /* Supporting Files */,
			);
			path = WeatherApplication;
			sourceTree = "<group>";
		};
		78BC568A196D7613009C6FF1 /* Supporting Files */ = {
			isa = PBXGroup;
			children = (
				78BC568B196D7613009C6FF1 /* Info.plist */,
				78BC568C196D7613009C6FF1 /* main.m */,
			);
			name = "Supporting Files";
			sourceTree = "<group>";
		};
		78BC56A3196D7613009C6FF1 /* WeatherApplicationTests */ = {
			isa = PBXGroup;
			children = (
				78BC56A6196D7613009C6FF1 /* WeatherApplicationTests.m */,
				78BC56A4196D7613009C6FF1 /* Supporting Files */,
			);
			path = WeatherApplicationTests;
			sourceTree = "<group>";
		};
		78BC56A4196D7613009C6FF1 /* Supporting Files */ = {
			isa = PBXGroup;
			children = (
				78BC56A5196D7613009C6FF1 /* Info.plist */,
			);
			name = "Supporting Files";
			sourceTree = "<group>";
		};
		78BC56B5196D762D009C6FF1 /* Frameworks */ = {
			isa = PBXGroup;
			children = (
				78BC56B6196D762D009C6FF1 /* NotificationCenter.framework */,
			);
			name = Frameworks;
			sourceTree = "<group>";
		};
		78BC56B8196D762E009C6FF1 /* Weather */ = {
			isa = PBXGroup;
			children = (
				78BC56BB196D762E009C6FF1 /* TodayViewController.h */,
				78BC56BC196D762E009C6FF1 /* TodayViewController.m */,
				78BC56BE196D762E009C6FF1 /* MainInterface.storyboard */,
				78BC56B9196D762E009C6FF1 /* Supporting Files */,
			);
			path = Weather;
			sourceTree = "<group>";
		};
		78BC56B9196D762E009C6FF1 /* Supporting Files */ = {
			isa = PBXGroup;
			children = (
				78BC56BA196D762E009C6FF1 /* Info.plist */,
			);
			name = "Supporting Files";
			sourceTree = "<group>";
		};
		78BC56CF196D7638009C6FF1 /* Time */ = {
			isa = PBXGroup;
			children = (
				78BC56D2196D7638009C6FF1 /* TodayViewController.h */,
				78BC56D3196D7638009C6FF1 /* TodayViewController.m */,
				78BC56D5196D7638009C6FF1 /* MainInterface.storyboard */,
				78BC56D0196D7638009C6FF1 /* Supporting Files */,
			);
			path = Time;
			sourceTree = "<group>";
		};
		78BC56D0196D7638009C6FF1 /* Supporting Files */ = {
			isa = PBXGroup;
			children = (
				78BC56D1196D7638009C6FF1 /* Info.plist */,
			);
			name = "Supporting Files";
			sourceTree = "<group>";
		};
/* End PBXGroup section */

/* Begin PBXNativeTarget section */
		78BC5686196D7613009C6FF1 /* WeatherApplication */ = {
			isa = PBXNativeTarget;
			buildConfigurationList = 78BC56AA196D7613009C6FF1 /* Build configuration list for PBXNativeTarget "WeatherApplication" */;
			buildPhases = (
				78BC5683196D7613009C6FF1 /* Sources */,
				78BC5684196D7613009C6FF1 /* Frameworks */,
				78BC5685196D7613009C6FF1 /* Resources */,
				78BC56C8196D762E009C6FF1 /* Embed App Extensions */,
			);
			buildRules = (
			);
			dependencies = (
				78BC56C1196D762E009C6FF1 /* PBXTargetDependency */,
				78BC56C4196D762E009C6FF1 /* PBXTargetDependency */,
				78BC56D8196D7638009C6FF1 /* PBXTargetDependency */,
				78BC56DB196D7638009C6FF1 /* PBXTargetDependency */,
			);
			name = WeatherApplication;
			productName = WeatherApplication;
			productReference = 78BC5687196D7613009C6FF1 /* WeatherApplication.app */;
			productType = "com.apple.product-type.application";
		};
		78BC569F196D7613009C6FF1 /* WeatherApplicationTests */ = {
			isa = PBXNativeTarget;
			buildConfigurationList = 78BC56AD196D7613009C6FF1 /* Build configuration list for PBXNativeTarget "WeatherApplicationTests" */;
			buildPhases = (
				78BC569C196D7613009C6FF1 /* Sources */,
				78BC569D196D7613009C6FF1 /* Frameworks */,
				78BC569E196D7613009C6FF1 /* Resources */,
			);
			buildRules = (
			);
			dependencies = (
				78BC56A2196D7613009C6FF1 /* PBXTargetDependency */,
			);
			name = WeatherApplicationTests;
			productName = WeatherApplicationTests;
			productReference = 78BC56A0196D7613009C6FF1 /* WeatherApplicationTests.xctest */;
			productType = "com.apple.product-type.bundle.unit-test";
		};
		78BC56B3196D762D009C6FF1 /* Weather */ = {
			isa = PBXNativeTarget;
			buildConfigurationList = 78BC56C5196D762E009C6FF1 /* Build configuration list for PBXNativeTarget "Weather" */;
			buildPhases = (
				78BC56B0196D762D009C6FF1 /* Sources */,
				78BC56B1196D762D009C6FF1 /* Frameworks */,
				78BC56B2196D762D009C6FF1 /* Resources */,
			);
			buildRules = (
			);
			dependencies = (
			);
			name = Weather;
			productName = Weather;
			productReference = 78BC56B4196D762D009C6FF1 /* SB.WeatherApplication.Weather.appex */;
			productType = "com.apple.product-type.app-extension";
		};
		78BC56CC196D7638009C6FF1 /* Time */ = {
			isa = PBXNativeTarget;
			buildConfigurationList = 78BC56DC196D7638009C6FF1 /* Build configuration list for PBXNativeTarget "Time" */;
			buildPhases = (
				78BC56C9196D7638009C6FF1 /* Sources */,
				78BC56CA196D7638009C6FF1 /* Frameworks */,
				78BC56CB196D7638009C6FF1 /* Resources */,
			);
			buildRules = (
			);
			dependencies = (
			);
			name = Time;
			productName = Time;
			productReference = 78BC56CD196D7638009C6FF1 /* SB.WeatherApplication.Time.appex */;
			productType = "com.apple.product-type.app-extension";
		};
/* End PBXNativeTarget section */

/* Begin PBXProject section */
		78BC567F196D7613009C6FF1 /* Project object */ = {
			isa = PBXProject;
			attributes = {
				LastUpgradeCheck = 0600;
				ORGANIZATIONNAME = "Pooja Kamath";
				TargetAttributes = {
					78BC5686196D7613009C6FF1 = {
						CreatedOnToolsVersion = 6.0;
						SystemCapabilities = {
							com.apple.BackgroundModes = {
								enabled = 1;
							};
						};
					};
					78BC569F196D7613009C6FF1 = {
						CreatedOnToolsVersion = 6.0;
						TestTargetID = 78BC5686196D7613009C6FF1;
					};
					78BC56B3196D762D009C6FF1 = {
						CreatedOnToolsVersion = 6.0;
					};
					78BC56CC196D7638009C6FF1 = {
						CreatedOnToolsVersion = 6.0;
					};
				};
			};
			buildConfigurationList = 78BC5682196D7613009C6FF1 /* Build configuration list for PBXProject "WeatherApplication" */;
			compatibilityVersion = "Xcode 3.2";
			developmentRegion = English;
			hasScannedForEncodings = 0;
			knownRegions = (
				en,
				Base,
			);
			mainGroup = 78BC567E196D7613009C6FF1;
			productRefGroup = 78BC5688196D7613009C6FF1 /* Products */;
			projectDirPath = "";
			projectRoot = "";
			targets = (
				78BC5686196D7613009C6FF1 /* WeatherApplication */,
				78BC569F196D7613009C6FF1 /* WeatherApplicationTests */,
				78BC56B3196D762D009C6FF1 /* Weather */,
				78BC56CC196D7638009C6FF1 /* Time */,
			);
		};
/* End PBXProject section */

/* Begin PBXResourcesBuildPhase section */
		78BC5685196D7613009C6FF1 /* Resources */ = {
			isa = PBXResourcesBuildPhase;
			buildActionMask = 2147483647;
			files = (
				78BC5699196D7613009C6FF1 /* Main.storyboard in Resources */,
				78BC569B196D7613009C6FF1 /* Images.xcassets in Resources */,
			);
			runOnlyForDeploymentPostprocessing = 0;
		};
		78BC569E196D7613009C6FF1 /* Resources */ = {
			isa = PBXResourcesBuildPhase;
			buildActionMask = 2147483647;
			files = (
			);
			runOnlyForDeploymentPostprocessing = 0;
		};
		78BC56B2196D762D009C6FF1 /* Resources */ = {
			isa = PBXResourcesBuildPhase;
			buildActionMask = 2147483647;
			files = (
				78BC56BF196D762E009C6FF1 /* MainInterface.storyboard in Resources */,
			);
			runOnlyForDeploymentPostprocessing = 0;
		};
		78BC56CB196D7638009C6FF1 /* Resources */ = {
			isa = PBXResourcesBuildPhase;
			buildActionMask = 2147483647;
			files = (
				78BC56D6196D7638009C6FF1 /* MainInterface.storyboard in Resources */,
			);
			runOnlyForDeploymentPostprocessing = 0;
		};
/* End PBXResourcesBuildPhase section */

/* Begin PBXSourcesBuildPhase section */
		78BC5683196D7613009C6FF1 /* Sources */ = {
			isa = PBXSourcesBuildPhase;
			buildActionMask = 2147483647;
			files = (
				78BC5690196D7613009C6FF1 /* AppDelegate.m in Sources */,
				78BC5693196D7613009C6FF1 /* WeatherApplication.xcdatamodeld in Sources */,
				78BC5696196D7613009C6FF1 /* ViewController.m in Sources */,
				78BC568D196D7613009C6FF1 /* main.m in Sources */,
			);
			runOnlyForDeploymentPostprocessing = 0;
		};
		78BC569C196D7613009C6FF1 /* Sources */ = {
			isa = PBXSourcesBuildPhase;
			buildActionMask = 2147483647;
			files = (
				78BC56A7196D7613009C6FF1 /* WeatherApplicationTests.m in Sources */,
			);
			runOnlyForDeploymentPostprocessing = 0;
		};
		78BC56B0196D762D009C6FF1 /* Sources */ = {
			isa = PBXSourcesBuildPhase;
			buildActionMask = 2147483647;
			files = (
				78BC56BD196D762E009C6FF1 /* TodayViewController.m in Sources */,
			);
			runOnlyForDeploymentPostprocessing = 0;
		};
		78BC56C9196D7638009C6FF1 /* Sources */ = {
			isa = PBXSourcesBuildPhase;
			buildActionMask = 2147483647;
			files = (
				78BC56D4196D7638009C6FF1 /* TodayViewController.m in Sources */,
			);
			runOnlyForDeploymentPostprocessing = 0;
		};
/* End PBXSourcesBuildPhase section */

/* Begin PBXTargetDependency section */
		78BC56A2196D7613009C6FF1 /* PBXTargetDependency */ = {
			isa = PBXTargetDependency;
			target = 78BC5686196D7613009C6FF1 /* WeatherApplication */;
			targetProxy = 78BC56A1196D7613009C6FF1 /* PBXContainerItemProxy */;
		};
		78BC56C1196D762E009C6FF1 /* PBXTargetDependency */ = {
			isa = PBXTargetDependency;
			target = 78BC56B3196D762D009C6FF1 /* Weather */;
			targetProxy = 78BC56C0196D762E009C6FF1 /* PBXContainerItemProxy */;
		};
		78BC56C4196D762E009C6FF1 /* PBXTargetDependency */ = {
			isa = PBXTargetDependency;
			target = 78BC56B3196D762D009C6FF1 /* Weather */;
			targetProxy = 78BC56C3196D762E009C6FF1 /* PBXContainerItemProxy */;
		};
		78BC56D8196D7638009C6FF1 /* PBXTargetDependency */ = {
			isa = PBXTargetDependency;
			target = 78BC56CC196D7638009C6FF1 /* Time */;
			targetProxy = 78BC56D7196D7638009C6FF1 /* PBXContainerItemProxy */;
		};
		78BC56DB196D7638009C6FF1 /* PBXTargetDependency */ = {
			isa = PBXTargetDependency;
			target = 78BC56CC196D7638009C6FF1 /* Time */;
			targetProxy = 78BC56DA196D7638009C6FF1 /* PBXContainerItemProxy */;
		};
/* End PBXTargetDependency section */

/* Begin PBXVariantGroup section */
		78BC5697196D7613009C6FF1 /* Main.storyboard */ = {
			isa = PBXVariantGroup;
			children = (
				78BC5698196D7613009C6FF1 /* Base */,
			);
			name = Main.storyboard;
			sourceTree = "<group>";
		};
/* End PBXVariantGroup section */

/* Begin XCBuildConfiguration section */
		78BC56A8196D7613009C6FF1 /* Debug */ = {
			isa = XCBuildConfiguration;
			buildSettings = {
				ALWAYS_SEARCH_USER_PATHS = NO;
				CLANG_CXX_LANGUAGE_STANDARD = "gnu++0x";
				CLANG_CXX_LIBRARY = "libc++";
				CLANG_ENABLE_MODULES = YES;
				CLANG_ENABLE_OBJC_ARC = YES;
				CLANG_WARN_BOOL_CONVERSION = YES;
				CLANG_WARN_CONSTANT_CONVERSION = YES;
				CLANG_WARN_DIRECT_OBJC_ISA_USAGE = YES_ERROR;
				CLANG_WARN_EMPTY_BODY = YES;
				CLANG_WARN_ENUM_CONVERSION = YES;
				CLANG_WARN_INT_CONVERSION = YES;
				CLANG_WARN_OBJC_ROOT_CLASS = YES_ERROR;
				CLANG_WARN_UNREACHABLE_CODE = YES;
				CLANG_WARN__DUPLICATE_METHOD_MATCH = YES;
				"CODE_SIGN_IDENTITY[sdk=iphoneos*]" = "iPhone Developer";
				COPY_PHASE_STRIP = NO;
				ENABLE_STRICT_OBJC_MSGSEND = YES;
				GCC_C_LANGUAGE_STANDARD = gnu99;
				GCC_DYNAMIC_NO_PIC = NO;
				GCC_OPTIMIZATION_LEVEL = 0;
				GCC_PREPROCESSOR_DEFINITIONS = (
					"DEBUG=1",
					"$(inherited)",
				);
				GCC_SYMBOLS_PRIVATE_EXTERN = NO;
				GCC_WARN_64_TO_32_BIT_CONVERSION = YES;
				GCC_WARN_ABOUT_RETURN_TYPE = YES_ERROR;
				GCC_WARN_UNDECLARED_SELECTOR = YES;
				GCC_WARN_UNINITIALIZED_AUTOS = YES_AGGRESSIVE;
				GCC_WARN_UNUSED_FUNCTION = YES;
				GCC_WARN_UNUSED_VARIABLE = YES;
				IPHONEOS_DEPLOYMENT_TARGET = 8.0;
				METAL_ENABLE_DEBUG_INFO = YES;
				ONLY_ACTIVE_ARCH = YES;
				SDKROOT = iphoneos;
			};
			name = Debug;
		};
		78BC56A9196D7613009C6FF1 /* Release */ = {
			isa = XCBuildConfiguration;
			buildSettings = {
				ALWAYS_SEARCH_USER_PATHS = NO;
				CLANG_CXX_LANGUAGE_STANDARD = "gnu++0x";
				CLANG_CXX_LIBRARY = "libc++";
				CLANG_ENABLE_MODULES = YES;
				CLANG_ENABLE_OBJC_ARC = YES;
				CLANG_WARN_BOOL_CONVERSION = YES;
				CLANG_WARN_CONSTANT_CONVERSION = YES;
				CLANG_WARN_DIRECT_OBJC_ISA_USAGE = YES_ERROR;
				CLANG_WARN_EMPTY_BODY = YES;
				CLANG_WARN_ENUM_CONVERSION = YES;
				CLANG_WARN_INT_CONVERSION = YES;
				CLANG_WARN_OBJC_ROOT_CLASS = YES_ERROR;
				CLANG_WARN_UNREACHABLE_CODE = YES;
				CLANG_WARN__DUPLICATE_METHOD_MATCH = YES;
				"CODE_SIGN_IDENTITY[sdk=iphoneos*]" = "iPhone Developer";
				COPY_PHASE_STRIP = YES;
				ENABLE_NS_ASSERTIONS = NO;
				ENABLE_STRICT_OBJC_MSGSEND = YES;
				GCC_C_LANGUAGE_STANDARD = gnu99;
				GCC_WARN_64_TO_32_BIT_CONVERSION = YES;
				GCC_WARN_ABOUT_RETURN_TYPE = YES_ERROR;
				GCC_WARN_UNDECLARED_SELECTOR = YES;
				GCC_WARN_UNINITIALIZED_AUTOS = YES_AGGRESSIVE;
				GCC_WARN_UNUSED_FUNCTION = YES;
				GCC_WARN_UNUSED_VARIABLE = YES;
				IPHONEOS_DEPLOYMENT_TARGET = 8.0;
				METAL_ENABLE_DEBUG_INFO = NO;
				SDKROOT = iphoneos;
				VALIDATE_PRODUCT = YES;
			};
			name = Release;
		};
		78BC56AB196D7613009C6FF1 /* Debug */ = {
			isa = XCBuildConfiguration;
			buildSettings = {
				ASSETCATALOG_COMPILER_APPICON_NAME = AppIcon;
				ASSETCATALOG_COMPILER_LAUNCHIMAGE_NAME = LaunchImage;
				INFOPLIST_FILE = WeatherApplication/Info.plist;
				LD_RUNPATH_SEARCH_PATHS = "$(inherited) @executable_path/Frameworks";
				PRODUCT_NAME = "$(TARGET_NAME)";
			};
			name = Debug;
		};
		78BC56AC196D7613009C6FF1 /* Release */ = {
			isa = XCBuildConfiguration;
			buildSettings = {
				ASSETCATALOG_COMPILER_APPICON_NAME = AppIcon;
				ASSETCATALOG_COMPILER_LAUNCHIMAGE_NAME = LaunchImage;
				INFOPLIST_FILE = WeatherApplication/Info.plist;
				LD_RUNPATH_SEARCH_PATHS = "$(inherited) @executable_path/Frameworks";
				PRODUCT_NAME = "$(TARGET_NAME)";
			};
			name = Release;
		};
		78BC56AE196D7613009C6FF1 /* Debug */ = {
			isa = XCBuildConfiguration;
			buildSettings = {
				BUNDLE_LOADER = "$(BUILT_PRODUCTS_DIR)/WeatherApplication.app/WeatherApplication";
				FRAMEWORK_SEARCH_PATHS = (
					"$(SDKROOT)/Developer/Library/Frameworks",
					"$(inherited)",
				);
				GCC_PREPROCESSOR_DEFINITIONS = (
					"DEBUG=1",
					"$(inherited)",
				);
				INFOPLIST_FILE = WeatherApplicationTests/Info.plist;
				LD_RUNPATH_SEARCH_PATHS = "$(inherited) @executable_path/Frameworks @loader_path/Frameworks";
				METAL_ENABLE_DEBUG_INFO = YES;
				PRODUCT_NAME = "$(TARGET_NAME)";
				TEST_HOST = "$(BUNDLE_LOADER)";
			};
			name = Debug;
		};
		78BC56AF196D7613009C6FF1 /* Release */ = {
			isa = XCBuildConfiguration;
			buildSettings = {
				BUNDLE_LOADER = "$(BUILT_PRODUCTS_DIR)/WeatherApplication.app/WeatherApplication";
				FRAMEWORK_SEARCH_PATHS = (
					"$(SDKROOT)/Developer/Library/Frameworks",
					"$(inherited)",
				);
				INFOPLIST_FILE = WeatherApplicationTests/Info.plist;
				LD_RUNPATH_SEARCH_PATHS = "$(inherited) @executable_path/Frameworks @loader_path/Frameworks";
				METAL_ENABLE_DEBUG_INFO = NO;
				PRODUCT_NAME = "$(TARGET_NAME)";
				TEST_HOST = "$(BUNDLE_LOADER)";
			};
			name = Release;
		};
		78BC56C6196D762E009C6FF1 /* Debug */ = {
			isa = XCBuildConfiguration;
			buildSettings = {
				GCC_PREPROCESSOR_DEFINITIONS = (
					"DEBUG=1",
					"$(inherited)",
				);
				INFOPLIST_FILE = Weather/Info.plist;
				LD_RUNPATH_SEARCH_PATHS = "$(inherited) @executable_path/Frameworks @executable_path/../../Frameworks";
				METAL_ENABLE_DEBUG_INFO = YES;
				PRODUCT_NAME = "SB.WeatherApplication.$(TARGET_NAME:rfc1034identifier)";
				SKIP_INSTALL = YES;
			};
			name = Debug;
		};
		78BC56C7196D762E009C6FF1 /* Release */ = {
			isa = XCBuildConfiguration;
			buildSettings = {
				INFOPLIST_FILE = Weather/Info.plist;
				LD_RUNPATH_SEARCH_PATHS = "$(inherited) @executable_path/Frameworks @executable_path/../../Frameworks";
				METAL_ENABLE_DEBUG_INFO = NO;
				PRODUCT_NAME = "SB.WeatherApplication.$(TARGET_NAME:rfc1034identifier)";
				SKIP_INSTALL = YES;
			};
			name = Release;
		};
		78BC56DD196D7638009C6FF1 /* Debug */ = {
			isa = XCBuildConfiguration;
			buildSettings = {
				GCC_PREPROCESSOR_DEFINITIONS = (
					"DEBUG=1",
					"$(inherited)",
				);
				INFOPLIST_FILE = Time/Info.plist;
				LD_RUNPATH_SEARCH_PATHS = "$(inherited) @executable_path/Frameworks @executable_path/../../Frameworks";
				METAL_ENABLE_DEBUG_INFO = YES;
				PRODUCT_NAME = "SB.WeatherApplication.$(TARGET_NAME:rfc1034identifier)";
				SKIP_INSTALL = YES;
			};
			name = Debug;
		};
		78BC56DE196D7638009C6FF1 /* Release */ = {
			isa = XCBuildConfiguration;
			buildSettings = {
				INFOPLIST_FILE = Time/Info.plist;
				LD_RUNPATH_SEARCH_PATHS = "$(inherited) @executable_path/Frameworks @executable_path/../../Frameworks";
				METAL_ENABLE_DEBUG_INFO = NO;
				PRODUCT_NAME = "SB.WeatherApplication.$(TARGET_NAME:rfc1034identifier)";
				SKIP_INSTALL = YES;
			};
			name = Release;
		};
/* End XCBuildConfiguration section */

/* Begin XCConfigurationList section */
		78BC5682196D7613009C6FF1 /* Build configuration list for PBXProject "WeatherApplication" */ = {
			isa = XCConfigurationList;
			buildConfigurations = (
				78BC56A8196D7613009C6FF1 /* Debug */,
				78BC56A9196D7613009C6FF1 /* Release */,
			);
			defaultConfigurationIsVisible = 0;
			defaultConfigurationName = Release;
		};
		78BC56AA196D7613009C6FF1 /* Build configuration list for PBXNativeTarget "WeatherApplication" */ = {
			isa = XCConfigurationList;
			buildConfigurations = (
				78BC56AB196D7613009C6FF1 /* Debug */,
				78BC56AC196D7613009C6FF1 /* Release */,
			);
			defaultConfigurationIsVisible = 0;
		};
		78BC56AD196D7613009C6FF1 /* Build configuration list for PBXNativeTarget "WeatherApplicationTests" */ = {
			isa = XCConfigurationList;
			buildConfigurations = (
				78BC56AE196D7613009C6FF1 /* Debug */,
				78BC56AF196D7613009C6FF1 /* Release */,
			);
			defaultConfigurationIsVisible = 0;
		};
		78BC56C5196D762E009C6FF1 /* Build configuration list for PBXNativeTarget "Weather" */ = {
			isa = XCConfigurationList;
			buildConfigurations = (
				78BC56C6196D762E009C6FF1 /* Debug */,
				78BC56C7196D762E009C6FF1 /* Release */,
			);
			defaultConfigurationIsVisible = 0;
		};
		78BC56DC196D7638009C6FF1 /* Build configuration list for PBXNativeTarget "Time" */ = {
			isa = XCConfigurationList;
			buildConfigurations = (
				78BC56DD196D7638009C6FF1 /* Debug */,
				78BC56DE196D7638009C6FF1 /* Release */,
			);
			defaultConfigurationIsVisible = 0;
		};
/* End XCConfigurationList section */

/* Begin XCVersionGroup section */
		78BC5691196D7613009C6FF1 /* WeatherApplication.xcdatamodeld */ = {
			isa = XCVersionGroup;
			children = (
				78BC5692196D7613009C6FF1 /* WeatherApplication.xcdatamodel */,
			);
			currentVersion = 78BC5692196D7613009C6FF1 /* WeatherApplication.xcdatamodel */;
			path = WeatherApplication.xcdatamodeld;
			sourceTree = "<group>";
			versionGroupType = wrapper.xcdatamodel;
		};
/* End XCVersionGroup section */
	};
	rootObject = 78BC567F196D7613009C6FF1 /* Project object */;
}
